
Microsoft Visual Studio Solution File, Format Version 12.00
# Visual Studio Version 16
VisualStudioVersion = 16.0.31605.320
MinimumVisualStudioVersion = 10.0.40219.1
Project("{FAE04EC0-301F-11D3-BF4B-00C04F79EFBC}") = "Diseño", "Diseño.csproj", "{910BC84A-939F-47AE-AEF6-7ED0A180775D}"
EndProject
Global
	GlobalSection(SolutionConfigurationPlatforms) = preSolution
		Debug|Any CPU = Debug|Any CPU
		Release|Any CPU = Release|Any CPU
	EndGlobalSection
	GlobalSection(ProjectConfigurationPlatforms) = postSolution
		{910BC84A-939F-47AE-AEF6-7ED0A180775D}.Debug|Any CPU.ActiveCfg = Debug|Any CPU
		{910BC84A-939F-47AE-AEF6-7ED0A180775D}.Debug|Any CPU.Build.0 = Debug|Any CPU
		{910BC84A-939F-47AE-AEF6-7ED0A180775D}.Release|Any CPU.ActiveCfg = Release|Any CPU
		{910BC84A-939F-47AE-AEF6-7ED0A180775D}.Release|Any CPU.Build.0 = Release|Any CPU
	EndGlobalSection
	GlobalSection(SolutionProperties) = preSolution
		HideSolutionNode = FALSE
	EndGlobalSection
	GlobalSection(ExtensibilityGlobals) = postSolution
		SolutionGuid = {656C57FC-B84B-4615-9789-1A4AD7677C8A}
	EndGlobalSection
EndGlobal
